github.com/go-gorp/gorp v2.0.0+incompatible h1:dIQPsBtl6/H1MjVseWuWPXa7ET4p6Dve4j3Hg+UjqYw=
github.com/go-gorp/gorp v2.0.0+incompatible/go.mod h1:7IfkAQnO7jfT/9IQ3R9wL1dFhukN6aQxzKTHnkxzA/E=
github.com/hallgren/eventsourcing/core v0.2.0 h1:ysWxMLE8oO9m/Ic4uXkfZDUolHsp3d9lkDSQeCfDYS8=
github.com/hallgren/eventsourcing/core v0.2.0/go.mod h1:rgo2kFwNVCb0bzUub5nOPlUYNlFkp1uUQBEQx5fM3Lk=
github.com/lib/pq v1.0.0/go.mod h1:5WUZQaWbwv1U+lTReE5YruASi9Al49XbQIvNi/34Woo=
github.com/proullon/ramsql v0.0.1 h1:tI7qN48Oj1LTmgdo4aWlvI9z45a4QlWaXlmdJ+IIfbU=
github.com/proullon/ramsql v0.0.1/go.mod h1:jG8oAQG0ZPHPyxg5QlMERS31airDC+ZuqiAe8DUvFVo=
